
Microsoft Visual Studio Solution File, Format Version 12.00
# Visual Studio Version 16
VisualStudioVersion = 16.0.32602.291
MinimumVisualStudioVersion = 10.0.40219.1
Project("{FAE04EC0-301F-11D3-BF4B-00C04F79EFBC}") = "SalarySys", "SalarySys\SalarySys.csproj", "{76665F2F-71B1-498B-96C2-F31A365130DD}"
EndProject
Project("{FAE04EC0-301F-11D3-BF4B-00C04F79EFBC}") = "DataOperator", "DataOperator\DataOperator.csproj", "{D69EF3A8-8839-401B-81D9-709EBFA7455F}"
EndProject
Project("{FAE04EC0-301F-11D3-BF4B-00C04F79EFBC}") = "Utils", "Utils\Utils.csproj", "{4F989D88-57D0-4982-B90A-6F1BB0C07554}"
EndProject
Global
	GlobalSection(SolutionConfigurationPlatforms) = preSolution
		Debug|Any CPU = Debug|Any CPU
		Release|Any CPU = Release|Any CPU
	EndGlobalSection
	GlobalSection(ProjectConfigurationPlatforms) = postSolution
		{76665F2F-71B1-498B-96C2-F31A365130DD}.Debug|Any CPU.ActiveCfg = Debug|Any CPU
		{76665F2F-71B1-498B-96C2-F31A365130DD}.Debug|Any CPU.Build.0 = Debug|Any CPU
		{76665F2F-71B1-498B-96C2-F31A365130DD}.Release|Any CPU.ActiveCfg = Release|Any CPU
		{76665F2F-71B1-498B-96C2-F31A365130DD}.Release|Any CPU.Build.0 = Release|Any CPU
		{D69EF3A8-8839-401B-81D9-709EBFA7455F}.Debug|Any CPU.ActiveCfg = Debug|Any CPU
		{D69EF3A8-8839-401B-81D9-709EBFA7455F}.Debug|Any CPU.Build.0 = Debug|Any CPU
		{D69EF3A8-8839-401B-81D9-709EBFA7455F}.Release|Any CPU.ActiveCfg = Release|Any CPU
		{D69EF3A8-8839-401B-81D9-709EBFA7455F}.Release|Any CPU.Build.0 = Release|Any CPU
		{4F989D88-57D0-4982-B90A-6F1BB0C07554}.Debug|Any CPU.ActiveCfg = Debug|Any CPU
		{4F989D88-57D0-4982-B90A-6F1BB0C07554}.Debug|Any CPU.Build.0 = Debug|Any CPU
		{4F989D88-57D0-4982-B90A-6F1BB0C07554}.Release|Any CPU.ActiveCfg = Release|Any CPU
		{4F989D88-57D0-4982-B90A-6F1BB0C07554}.Release|Any CPU.Build.0 = Release|Any CPU
	EndGlobalSection
	GlobalSection(SolutionProperties) = preSolution
		HideSolutionNode = FALSE
	EndGlobalSection
	GlobalSection(ExtensibilityGlobals) = postSolution
		SolutionGuid = {E21E17E0-1D2E-4F15-B899-CE5FC23824D2}
	EndGlobalSection
EndGlobal
